
Microsoft Visual Studio Solution File, Format Version 12.00
# Visual Studio Version 16
VisualStudioVersion = 16.0.31729.503
MinimumVisualStudioVersion = 10.0.40219.1
Project("{FAE04EC0-301F-11D3-BF4B-00C04F79EFBC}") = "Medical Clinic", "Medical Clinic\Medical Clinic.csproj", "{EE44D1CE-960D-4B8D-AFAD-59B08F8C7FEA}"
EndProject
Global
	GlobalSection(SolutionConfigurationPlatforms) = preSolution
		Debug|Any CPU = Debug|Any CPU
		Release|Any CPU = Release|Any CPU
	EndGlobalSection
	GlobalSection(ProjectConfigurationPlatforms) = postSolution
		{EE44D1CE-960D-4B8D-AFAD-59B08F8C7FEA}.Debug|Any CPU.ActiveCfg = Debug|Any CPU
		{EE44D1CE-960D-4B8D-AFAD-59B08F8C7FEA}.Debug|Any CPU.Build.0 = Debug|Any CPU
		{EE44D1CE-960D-4B8D-AFAD-59B08F8C7FEA}.Release|Any CPU.ActiveCfg = Release|Any CPU
		{EE44D1CE-960D-4B8D-AFAD-59B08F8C7FEA}.Release|Any CPU.Build.0 = Release|Any CPU
	EndGlobalSection
	GlobalSection(SolutionProperties) = preSolution
		HideSolutionNode = FALSE
	EndGlobalSection
	GlobalSection(ExtensibilityGlobals) = postSolution
		SolutionGuid = {4A30499D-2D64-40C6-B4CF-476BB391AC04}
	EndGlobalSection
EndGlobal
